PODS:
  - AFNetworking (3.2.1):
    - AFNetworking/NSURLSession (= 3.2.1)
    - AFNetworking/Reachability (= 3.2.1)
    - AFNetworking/Security (= 3.2.1)
    - AFNetworking/Serialization (= 3.2.1)
    - AFNetworking/UIKit (= 3.2.1)
  - AFNetworking/NSURLSession (3.2.1):
    - AFNetworking/Reachability
    - AFNetworking/Security
    - AFNetworking/Serialization
  - AFNetworking/Reachability (3.2.1)
  - AFNetworking/Security (3.2.1)
  - AFNetworking/Serialization (3.2.1)
  - AFNetworking/UIKit (3.2.1):
    - AFNetworking/NSURLSession
  - BlocksKit (2.2.5):
    - BlocksKit/All (= 2.2.5)
  - BlocksKit/All (2.2.5):
    - BlocksKit/Core
    - BlocksKit/DynamicDelegate
    - BlocksKit/MessageUI
    - BlocksKit/UIKit
  - BlocksKit/Core (2.2.5)
  - BlocksKit/DynamicDelegate (2.2.5)
  - BlocksKit/MessageUI (2.2.5):
    - BlocksKit/Core
    - BlocksKit/DynamicDelegate
  - BlocksKit/UIKit (2.2.5):
    - BlocksKit/Core
    - BlocksKit/DynamicDelegate
  - LGAlertHUD (1.0.3):
    - LGAlertHUD/AlertView (= 1.0.3)
    - Masonry
    - YJExtensions
  - LGAlertHUD/AlertView (1.0.3):
    - Masonry
    - YJExtensions
  - Masonry (1.1.0)
  - MJExtension (3.0.15.1)
  - MJRefresh (3.1.15.7)
  - ReactiveObjC (3.0.0)
  - SDWebImage (4.0.0):
    - SDWebImage/Core (= 4.0.0)
  - SDWebImage/Core (4.0.0)
  - TFHpple (2.0.0)
  - YJExtensions (1.0.7):
    - YJExtensions/Foundation (= 1.0.7)
    - YJExtensions/UIKit (= 1.0.7)
  - YJExtensions/Foundation (1.0.7):
    - TFHpple
  - YJExtensions/UIKit (1.0.7):
    - YJExtensions/Foundation
  - YYImage (1.0.4):
    - YYImage/Core (= 1.0.4)
  - YYImage/Core (1.0.4)

DEPENDENCIES:
  - AFNetworking
  - BlocksKit
  - LGAlertHUD (= 1.0.3)
  - Masonry
  - MJExtension
  - MJRefresh
  - ReactiveObjC (~> 3.0.0)
  - SDWebImage (~> 4.0.0)
  - TFHpple (~> 2.0.0)
  - YYImage (~> 1.0.4)

SPEC REPOS:
  https://github.com/cocoapods/specs.git:
    - AFNetworking
    - BlocksKit
    - LGAlertHUD
    - Masonry
    - MJExtension
    - MJRefresh
    - ReactiveObjC
    - SDWebImage
    - TFHpple
    - YJExtensions
    - YYImage

SPEC CHECKSUMS:
  AFNetworking: b6f891fdfaed196b46c7a83cf209e09697b94057
  BlocksKit: 7f422b971407001178d181a43b99014ea2591fe6
  LGAlertHUD: 170243b33b65ec701ffd5c24bcdfac9a209d1b10
  Masonry: 678fab65091a9290e40e2832a55e7ab731aad201
  MJExtension: 19bc33ce2eee2d319760f5622562cf581a6ff756
  MJRefresh: 697f8ec75ebdbe9207767bb682cf0f51b0d8a41f
  ReactiveObjC: ce79989e8684b9086b5f8d0c74bc7b81a8729c9e
  SDWebImage: 76a6348bdc74eb5a55dd08a091ef298e56b55e41
  TFHpple: a916fe0799eb30aa29b2670d14d5868cdd3a5b81
  YJExtensions: 8c5fa569ce35af2f91da505e1ea75ee10083cce0
  YYImage: 1e1b62a9997399593e4b9c4ecfbbabbf1d3f3b54

PODFILE CHECKSUM: d999918475b29c6b928b75f749f8f6a8e5faa9ce

COCOAPODS: 1.7.2
